programs:
- checksums:
    addlicense_1.0.0_Linux_arm64.tar.gz:
      archive: dd42bca32cfcf37c53ae172b5c2f2db8a3f5a09574a55db6aca1eb1186de3330
      binary: 959d66bebdea6c2fa232cd0b0ee00417008278e023082238fcb81db2263e0b64
    addlicense_1.0.0_Linux_x86_64.tar.gz:
      archive: aae27d96ce4dea4dfa5cd44ea81708157932783646cde801b38e8bbbf8fb682b
      binary: ac53b538d315abfb1c6e2cec5c6a7886397f1d1738a6b7abe6af2159ce614bee
    addlicense_1.0.0_macOS_arm64.tar.gz:
      archive: 86285b616ef37451402d67fcc6c8485d24180307dbb21fe381d4f222885306ba
      binary: 2f9bbb0952dd3e98884199776d456ac3eeb7d404a58e40feb0db64ce1bc76add
    addlicense_1.0.0_macOS_x86_64.tar.gz:
      archive: 0e90a992a598638f1ddf471f1a63873c534a222886474c0b8d10f9c26c0c41ef
      binary: d17bd42ed57ddea1875ea82f0a90373b56a72da96b092179f15021e97f951df2
  name: addlicense
  overlay:
    Arch:
      amd64: x86_64
    OS:
      darwin: macOS
      linux: Linux
  paths:
    base: https://github.com/google/addlicense/releases/download/v{{ .Version }}/
    checksums:
      artifact: https://github.com/google/addlicense/releases/download/v{{ .Version }}/checksums.txt
    target: '{{ .Name }}_{{ .Version }}_{{ .OS }}_{{ .Arch }}.tar.gz'
  version: 1.0.0
- checksums:
    cosign-darwin-amd64:
      archive: fab8f2c4f8705a4c4fd2cc97856213e1d0b86d5b1707a39edc462b9b05afe7fb
      binary: fab8f2c4f8705a4c4fd2cc97856213e1d0b86d5b1707a39edc462b9b05afe7fb
    cosign-darwin-arm64:
      archive: 6dababc0001a695f03aa5a9712700d7ee1763375c5e97fc2544f11a88ebe9d5b
      binary: 6dababc0001a695f03aa5a9712700d7ee1763375c5e97fc2544f11a88ebe9d5b
    cosign-linux-amd64:
      archive: 80f80f3ef5b9ded92aa39a9dd8e028f5b942a3b6964f24c47b35e7f6e4d18907
      binary: 80f80f3ef5b9ded92aa39a9dd8e028f5b942a3b6964f24c47b35e7f6e4d18907
    cosign-linux-arm64:
      archive: 2448231e6bde13722aad7a17ac00789d187615a24c7f82739273ea589a42c94b
      binary: 2448231e6bde13722aad7a17ac00789d187615a24c7f82739273ea589a42c94b
  cosign:
  - artifact: |
      04d78e1c44723d0046845c7a525c610d0197dcc0ba1cd2e6956437d692d0782d  cosign-windows-amd64.exe_1.7.2_windows_amd64.sbom
      0f5a525d3c51c65fdceb3d8375c8cf3c6ec898564db345ddbae4ba179d2fec0c  cosign-linux-amd64_1.7.2_linux_amd64.sbom
      1388db51c5780144dce75005e1784958ab51bdae04ea9871d4b70cba4f52cb0f  cosign-1.7.2.armv7hl.rpm
      215f29fb7496399a54ea3e6e24559df70f0c2b909300f3f635f44f57dc8fe787  sget-linux-ppc64le
      2448231e6bde13722aad7a17ac00789d187615a24c7f82739273ea589a42c94b  cosign-linux-arm64
      34fdcfd46612d4a9f5c0d939deda9e6757e7e4672f1aee718a6bca48e0318572  sget-windows-amd64.exe
      381eb5cd789fc4ec1831616e076da77dcc3bfcc57e9dfb600c89fe056f1f127d  sget-linux-amd64_1.7.2_linux_amd64.sbom
      3eec4e0fd524f1a59a26ee78daf99ffef5f109c0823c0d2abc1d7e1a7955bf23  sget-linux-arm_1.7.2_linux_arm.sbom
      41ba769b15a7e781a178f1c0010b4d2889de9964e9f1bc169d7477cb3c8ff5c5  sget-darwin-arm64_1.7.2_darwin_arm64.sbom
      464c9a7c1b5e58cc8b4486389381fe527f0e15b70ca166d71f01e9ebe0be1da9  cosign_1.7.2_aarch64.apk
      5e7134c68e3b3b78d6f55db63b57f200cd958ce4cf0fa0b60ddcce36e734933a  sget-darwin-arm64
      63d4c5e4f0069819ea08f4ea1b24321eb764022b689d6f4d847aad1f6d263e75  cosign-1.7.2.s390x.rpm
      6412db8d835017ba1d1b546eded3dcf865e472e5f4fe44a192691569e4fbcac0  cosign_1.7.2_armhf.deb
      6c1263e215f3a8b9bf104ba55f92e82ad685d878d55ba1d00a314e437c90be90  cosign-linux-arm_1.7.2_linux_arm.sbom
      6dababc0001a695f03aa5a9712700d7ee1763375c5e97fc2544f11a88ebe9d5b  cosign-darwin-arm64
      6fc44091f2f96a229020355f2c445c138329da001e6c71e92545426d9b54b268  cosign-linux-s390x_1.7.2_linux_s390x.sbom
      742c0b44a799e3a619164af8f3bd2cdd0b6309aa335bdcc9f061196239ac2efa  sget-darwin-amd64
      76dd666af3a3162fe2d1ad7d5eea50f1c04cbbad6568dcd5529a37edf654a72d  cosign-linux-arm
      80f80f3ef5b9ded92aa39a9dd8e028f5b942a3b6964f24c47b35e7f6e4d18907  cosign-linux-amd64
      8461d1b2f154ddfe9fdee0568d4fb23f7016e6ba556f41cd176ab333a7b4a010  cosign_1.7.2_s390x.apk
      8a8b81051505e2e1af7065bf677fe76d9f03dff95f58bafd2d15fdefeed2ddd4  cosign-linux-pivkey-pkcs11key-amd64_1.7.2_linux_amd64.sbom
      918b4751e98a443ea82e73b32283f3c096aebaa0efbc0c527383c22a386e0f66  sget-windows-amd64.exe_1.7.2_windows_amd64.sbom
      95a8d30185dccd05d306061a475e9b5185fd9bb0f305ac3249da5dcd6b5f2314  cosign-1.7.2.ppc64le.rpm
      9631a9faaa49ad36742b7b83fa213cf7e8c95c6164b46c487ec52d581503ab51  sget-linux-arm64
      9ad67d5b324d488092ce163de0c91dc5d3811fb84cb0ce3c573052485ebce0a8  cosign-linux-ppc64le_1.7.2_linux_ppc64le.sbom
      9ffe464b924c63a91a02788a291262d737aa39b3a694a1144da57ae181339338  cosign-linux-ppc64le
      a0f9ae21dc63b2a0c967eca2f4faff18e9967f4423bfb221a954f76df76c70f1  cosign-linux-pivkey-pkcs11key-amd64
      a58623ae5294863f957dd501b9f60230e93edeab6bb4b2744ba789da86d18e96  cosign-1.7.2.x86_64.rpm
      aa81ff205a53f9c07316cfc12934d6c8523f78827d7cb04b9c45fb553198ed59  cosign-linux-s390x
      b47b7e8a2e6632c9753dda0647505c1d38fe6f310a941b652285928085883775  sget-linux-arm
      b4983b5900e9420575e0dcf0f9f0dd62afdcb7ac309bd3c747571b73bcd36607  cosign_1.7.2_s390x.deb
      bc88c5e9e937bfe168eb2f6243929ed90ce49c3ee650f8e099c63372f40d3154  cosign-1.7.2.aarch64.rpm
      beda1b9892bcd68cd8b3985b690d139d6544f712a1e23b61a5bbd35adc030122  cosign_1.7.2_ppc64el.deb
      c177618c5dcda93d49f337f99f5ccfbfb9b38a1194a8bb8df21ebbe7625c4bcb  cosign-windows-amd64.exe
      c6916d6be17eb4d7eeab2bd1ec43126dd23fc350457b08a885a4a83b23cd3c54  cosign-darwin-arm64_1.7.2_darwin_arm64.sbom
      d14e1f071e8175dd888432739149ca565779bbf191183a7b7120c20386b485af  sget-darwin-amd64_1.7.2_darwin_amd64.sbom
      d296e47aafbf5116757304fa50031f3e3bcb0f20f70a98678843f84b0b808f49  sget-linux-s390x_1.7.2_linux_s390x.sbom
      d40edcf2d5dbb1af240c65ad662fee34e4ef9fb5385f7203efdd98c6ced74ed2  sget-linux-arm64_1.7.2_linux_arm64.sbom
      d4eca23070a78bbb9a6af094623b49069e2fe183a1f5ba14f7ccc00c77d298a7  cosign_1.7.2_x86_64.apk
      d62756c3040e825799a2eac276b6fcbbe58ff8088f60c013bcd5b5d777fc3117  cosign_1.7.2_amd64.deb
      db9a00e76dfbb8523c08e73e47f5344fdc9d44296f72ae725f2b3b33a5d67fa2  sget-linux-s390x
      dddb52cb4b0943085a424c34cfbf410b17203daf36bd5299b15d328b0aa41f46  cosign_1.7.2_arm64.deb
      df253b5d2ca452e7b491ad46d34c9099e15a088a9e21fe5d3613170503d8b50e  cosign_1.7.2_armv7.apk
      f3a9e933a2d20357d5264a342bcdae0763fb35dedbab5e03e6d81e404f75ff65  cosign-darwin-amd64_1.7.2_darwin_amd64.sbom
      f9042175710b6b5056812a25ba476316965854ad191d50751dfad58c4df653f4  cosign_1.7.2_ppc64le.apk
      fab8f2c4f8705a4c4fd2cc97856213e1d0b86d5b1707a39edc462b9b05afe7fb  cosign-darwin-amd64
      fd1fc2143baadab82ac5a2fa6df6eb7a18b28485f04a50c8422b900881ddfc58  sget-linux-amd64
      fdb067f9dabd9ebd1577bf4d39adc7d856922eb409c108be3dffe28d237581f3  cosign-linux-arm64_1.7.2_linux_arm64.sbom
      ff561ad1132247520c791276af8dc4779eb96e61c56299baf692cd0aff5867e6  sget-linux-ppc64le_1.7.2_linux_ppc64le.sbom
    certificate: |
      -----BEGIN CERTIFICATE-----
      MIICLDCCAbKgAwIBAgITM9wpTXg1U/FrUOIeZVyLYIeQmDAKBggqhkjOPQQDAzAq
      MRUwEwYDVQQKEwxzaWdzdG9yZS5kZXYxETAPBgNVBAMTCHNpZ3N0b3JlMB4XDTIy
      MDQxMjEyMTE0M1oXDTIyMDQxMjEyMjE0MlowADBZMBMGByqGSM49AgEGCCqGSM49
      AwEHA0IABJ6wbGuu88Ji9ZABY/aViGxF2rJymbQlT1K/1wtmwW6+boh6NIMxlZBI
      iqpukAQyjij0JbJfDRVaFWSgPN4FNeejgeAwgd0wDgYDVR0PAQH/BAQDAgeAMBMG
      A1UdJQQMMAoGCCsGAQUFBwMDMAwGA1UdEwEB/wQCMAAwHQYDVR0OBBYEFH0otW1E
      JgaoDA/QnW/UUJOoOcGvMB8GA1UdIwQYMBaAFFjAHl+RRaVmqXrMkKGTItAqxcX6
      MD0GA1UdEQEB/wQzMDGBL2tleWxlc3NAcHJvamVjdHNpZ3N0b3JlLmlhbS5nc2Vy
      dmljZWFjY291bnQuY29tMCkGCisGAQQBg78wAQEEG2h0dHBzOi8vYWNjb3VudHMu
      Z29vZ2xlLmNvbTAKBggqhkjOPQQDAwNoADBlAjEA6BTNVU6j0RvLXa3kUQMKA8xJ
      LkBavF7ExybvEMvcAr+hLR9iAknvLaGYRA92pzl0AjAgNXpdAfremSBVr2o+2ln2
      f/E/WzOU0xUhQEqBSyANO1Vll1cY1W/56GIY9c4dRKI=
      -----END CERTIFICATE-----
    signature: MEQCIA5lb+F76z+FpB96MWOcMoYxfOmW7Y4IdU34tJCEsrC/AiAxWvZBY+ila8/V8VDP0Lvp7ooLpdaUhBVJij8SiWp8Nw==
  name: cosign
  paths:
    base: https://github.com/sigstore/cosign/releases/download/v{{ .Version }}/
    checksums:
      artifact: https://github.com/sigstore/cosign/releases/download/v{{ .Version }}/{{ .Name }}_checksums.txt
      certificate: https://github.com/sigstore/cosign/releases/download/v{{ .Version }}/{{ .Name }}_checksums.txt-keyless.pem
      signature: https://github.com/sigstore/cosign/releases/download/v{{ .Version }}/{{ .Name }}_checksums.txt-keyless.sig
    target: '{{ .Name }}-{{ .OS }}-{{ .Arch }}'
  version: 1.7.2
- checksums:
    golangci-lint-1.45.2-darwin-amd64.tar.gz:
      archive: 995e509e895ca6a64ffc7395ac884d5961bdec98423cb896b17f345a9b4a19cf
      binary: 32f233a3213bf48025bae4af1a41482535454dc9a906daf6df66d4c3c366ca19
    golangci-lint-1.45.2-darwin-arm64.tar.gz:
      archive: c2b9669decc1b638cf2ee9060571af4e255f6dfcbb225c293e3a7ee4bb2c7217
      binary: 24f76cfcd464793e5d5fc930924586baff52232206ae2a9040467f802a95d1fc
    golangci-lint-1.45.2-linux-amd64.tar.gz:
      archive: 595ad6c6dade4c064351bc309f411703e457f8ffbb7a1806b3d8ee713333427f
      binary: 700869bf9234e808ddecf7666cf362747cd94f7679f4d2a125bbff54f2daeb22
    golangci-lint-1.45.2-linux-arm64.tar.gz:
      archive: 1463049b744871168095e3e8f687247d6040eeb895955b869889ea151e0603ab
      binary: f6ea84deab5752583497b77e22e7e0a93c674edf043b341228ba6c030c17585d
  name: golangci-lint
  paths:
    base: https://github.com/golangci/golangci-lint/releases/download/v{{ .Version }}/
    checksums:
      artifact: https://github.com/golangci/golangci-lint/releases/download/v{{ .Version }}/{{ .Name }}-{{ .Version }}-checksums.txt
    target: '{{ .Name }}-{{ .Version }}-{{ .OS }}-{{ .Arch }}.tar.gz'
  version: 1.45.2
- checksums:
    goreleaser_Darwin_arm64.tar.gz:
      archive: 3349254563781493938c15ea94351e542b32932bfddaff587c5a0bae65e40c94
      binary: 148af83bc1d992bfdf5a0607ed1337f239fef24ac7fd22ec97083026a25d3dce
    goreleaser_Darwin_x86_64.tar.gz:
      archive: aebb22ab32ddc36002caf3362e2410f1a1487ab098c1f1ac6f5aae59f13f498b
      binary: 0a801baa89a8a1c8bec1763ee07ffbe84b22defd3284e94d5081d1cbe7ebad8e
    goreleaser_Linux_arm64.tar.gz:
      archive: 8be69f369d8cd80aedbcfb39ba0af8fbb71fa86ee5879e0fcd94075cf17f73a2
      binary: 8ad2e4bf43079db8e5a17cf011547eda373012da331ea2536c29f15601a1f040
    goreleaser_Linux_x86_64.tar.gz:
      archive: e74934e7571991522324642ac7b032310f04baf192ce2a54db1dc323b97bcd7d
      binary: 6675d65b87ed168f6c7a981623b3b80a8c1c734197d6e4467cc764f23e843583
  cosign:
  - artifact: |
      1ab042180aa37bd0946871a08827d0826d12d96730639e8119e3e8dd6c156b4f  goreleaser_Windows_armv7.zip.sbom
      1cc80fc5552f3220ada72eadd251a3e0435c7f837931bd411b1e40a8508511b2  goreleaser_Windows_i386.zip.sbom
      22cd8584bb58e63ab81f5172687aeda4d38f7caaf8b0fec5cb64176e4d104bd0  goreleaser-1.7.0.aarch64.rpm
      2bc4bb642db870cc492227c5c740ae68eed442434b05f7f529d795c599226620  goreleaser_Linux_i386.tar.gz
      3349254563781493938c15ea94351e542b32932bfddaff587c5a0bae65e40c94  goreleaser_Darwin_arm64.tar.gz
      41b3c5c26a53c2141fdc197053286a1b0797de793d37af8b82b207c5b2eca69d  goreleaser_Linux_x86_64.tar.gz.sbom
      41d9dd50223cedc9bc551834ebd96b38f7e22b3d5c59b5a7fbbbc2d89fe439b3  goreleaser_Darwin_all.tar.gz
      4a174977fd538609d2771236328997ca32b53435c8768f622d449c1eba0194cd  goreleaser_Darwin_all.tar.gz.sbom
      4ec0506fbbc4236422949b6adc55257c408025a49229b4e9854a762d879b48b4  goreleaser_Windows_armv7.zip
      5589cbdb77708a4327934cd3ed069c65cd97f3e11d5435c2ec385c0e4e8c520a  goreleaser-1.7.0.armv7hl.rpm
      6a8627d0ce0046c05f78bda3361122c9804596a3a5b7c329fe21ab14ac9e5928  goreleaser_Windows_i386.zip
      6b97640714cb7a5ed8790cc6b0b8b0a3a69fe9ef5b47492c6a0736e72ef02ca5  goreleaser_Linux_arm64.tar.gz.sbom
      7463890cc6e14bf06201353480b25d97b51b029686af123d4f39d6288fe4e030  goreleaser_1.7.0_x86.apk
      80419d5f5ac6a281c8328084030dd2dc8158106cc4d697d408a700464bc1f1db  goreleaser_Linux_armv7.tar.gz
      8618a9497706fa694876c0899182769d5960b75171fa7fb500721f12768b8d33  goreleaser_Linux_armv7.tar.gz.sbom
      8a438f7d6b41da2f5f8b85096108ec7895667861664861d27c05a5eccf875557  goreleaser_Darwin_x86_64.tar.gz.sbom
      8a61178e6d1b086bd52f7113cb563cdacf63ff370c7a1ce22b25e9c8f6efdf89  goreleaser_Windows_arm64.zip.sbom
      8a97bdcd530ae193b61d831d810424428f9e32ccb94d2880ed63e7540af25bcb  goreleaser_Darwin_arm64.tar.gz.sbom
      8be69f369d8cd80aedbcfb39ba0af8fbb71fa86ee5879e0fcd94075cf17f73a2  goreleaser_Linux_arm64.tar.gz
      90799f88fc03d5dcd3d4d451a0b5f720bea2805f68c7b0a989510afa9afa33db  goreleaser_1.7.0_i386.deb
      9ca9e977ea18c2a2b7083a73eb8e53355796496b10f2b709f6a12cec467b10ef  goreleaser_Windows_arm64.zip
      ace1cc3b9b36f74c629adda635f149fcfda7f64599944522279972db150c9431  goreleaser_1.7.0_armhf.deb
      aebb22ab32ddc36002caf3362e2410f1a1487ab098c1f1ac6f5aae59f13f498b  goreleaser_Darwin_x86_64.tar.gz
      b8bde58f99efa920a908d30100dd1832f8710114bb92d0985a26eae4c7454a32  goreleaser_1.7.0_x86_64.apk
      be17f26131a58c8a12c6320e325a964096cbb7464923ae961f17b20ca053b621  goreleaser-1.7.0.x86_64.rpm
      c7f3946d8ae6afa2238a0fb359d96ad6bbc3e062fbf5eee7baa9e11de361909d  goreleaser_Windows_x86_64.zip.sbom
      c8c05b0221c569f7e5a5307d9fc8dfc7b1cb59f311f5869daacf950a679a3ec9  goreleaser_1.7.0_aarch64.apk
      cde27bf11fecf5ecc4a0388d62af261529c13772f6e910e5ad6ee082b5c2e013  goreleaser_1.7.0_arm64.deb
      d71a6d2a8b62384a20ebcec7ef7454010a49f8cbd525434696e15deec9b0f075  goreleaser_1.7.0_armv7.apk
      e74934e7571991522324642ac7b032310f04baf192ce2a54db1dc323b97bcd7d  goreleaser_Linux_x86_64.tar.gz
      e958990644c0aa06cfdb27aa6f0373497dd87e1cc189f4824db73e20ef2c8482  goreleaser-1.7.0.i386.rpm
      faba167e6d3eed6d7cc45b58fefc711b7eef2da7bd21e0ad66eb4f4bccc1ba1f  goreleaser_Linux_i386.tar.gz.sbom
      fdd5ca7cb052b86aff738ff89f5338ab16b7049c8fd02a74a56b01713e3e786b  goreleaser_Windows_x86_64.zip
      fe581c9442b4d430195aa7da958572ee4f6493b6c4c7b0b241933a3a13f751ed  goreleaser_1.7.0_amd64.deb
    certificate: |
      -----BEGIN CERTIFICATE-----
      MIIDCzCCApGgAwIBAgIUAO2Z8tVlVJLSDz4Lc8KEbl7z6uAwCgYIKoZIzj0EAwMw
      KjEVMBMGA1UEChMMc2lnc3RvcmUuZGV2MREwDwYDVQQDEwhzaWdzdG9yZTAeFw0y
      MjAzMjEwMDEzMDVaFw0yMjAzMjEwMDIzMDRaMAAwWTATBgcqhkjOPQIBBggqhkjO
      PQMBBwNCAAR/wWUr6yv5zkBpbXJoJOSUet7ZheoItSfMa+1eff2xrthTZwcxXDZY
      iQjrZzk8T1P6DDiT3zR4GK/31gM43UWYo4IBvTCCAbkwDgYDVR0PAQH/BAQDAgeA
      MBMGA1UdJQQMMAoGCCsGAQUFBwMDMAwGA1UdEwEB/wQCMAAwHQYDVR0OBBYEFCT/
      P0NNOFmx8ZV0oGuC2wKC0ag+MB8GA1UdIwQYMBaAFFjAHl+RRaVmqXrMkKGTItAq
      xcX6MGMGA1UdEQEB/wRZMFeGVWh0dHBzOi8vZ2l0aHViLmNvbS9nb3JlbGVhc2Vy
      L2dvcmVsZWFzZXIvLmdpdGh1Yi93b3JrZmxvd3MvYnVpbGQueW1sQHJlZnMvdGFn
      cy92MS43LjAwIwYKKwYBBAGDvzABBQQVZ29yZWxlYXNlci9nb3JlbGVhc2VyMBIG
      CisGAQQBg78wAQIEBHB1c2gwOQYKKwYBBAGDvzABAQQraHR0cHM6Ly90b2tlbi5h
      Y3Rpb25zLmdpdGh1YnVzZXJjb250ZW50LmNvbTATBgorBgEEAYO/MAEEBAVidWls
      ZDA2BgorBgEEAYO/MAEDBCg3NjcxZGFiMjkxNDgzYjI3MzNlODcxYWJmZjM3OWQw
      N2U3NGRmYzZjMB4GCisGAQQBg78wAQYEEHJlZnMvdGFncy92MS43LjAwCgYIKoZI
      zj0EAwMDaAAwZQIxAKCzSCW6PrSnf5lfkGvEvf/M//1ct0YfpdtE9UtH6LNGfVXG
      C+4Wt/0K13S0vx8qxwIwQ/YwCxvc+IjmByuY7bBOfew74OYq6cW5DSruZjjHnLyt
      G2QH8xza6IF7/24ymfCO
      -----END CERTIFICATE-----
    signature: MEYCIQCeX4Qsyh6Z290kSAIPdNISZzj5G2BBlt4W0ODD+o9RDQIhAKBNAT+6FubSywqhiTh0yY405BM9hO+gbZMephJVFSwp
  name: goreleaser
  overlay:
    Arch:
      amd64: x86_64
    OS:
      darwin: Darwin
      linux: Linux
  paths:
    base: https://github.com/goreleaser/goreleaser/releases/download/v{{ .Version }}/
    checksums:
      artifact: https://github.com/goreleaser/goreleaser/releases/download/v{{ .Version }}/checksums.txt
      certificate: https://github.com/goreleaser/goreleaser/releases/download/v{{ .Version }}/checksums.txt.pem
      signature: https://github.com/goreleaser/goreleaser/releases/download/v{{ .Version }}/checksums.txt.sig
    target: '{{ .Name }}_{{ .OS }}_{{ .Arch }}.tar.gz'
  version: 1.7.0
- checksums:
    syft_0.43.2_darwin_amd64.tar.gz:
      archive: 90953f7a116bbc5b57532778ce5d77782eec9fc9328da4f1127c1d00f70d9fb0
      binary: 36ec338aaacf711bdf334c933c94989d07a75c568fe18b2973d040c72b37dc7b
    syft_0.43.2_darwin_arm64.tar.gz:
      archive: 18f8e73d74c336ca6b3ffbb34b2a7cd48127ebfac1a582bf1e00af1487ea0561
      binary: 4f1f83d96d6b535a0ead8e2de48c5e6b68a720819fc5f6acba39347969c58ec4
    syft_0.43.2_linux_amd64.tar.gz:
      archive: 13f77a598bc8e38157332fa70bc4219ae0269bddee862fe9ad3e5bcf74e00805
      binary: d872b7b2f70c3bcc5b2d15d8e102794107f5359aef738dd5db458acb8fe77f9e
    syft_0.43.2_linux_arm64.tar.gz:
      archive: 8ced32df0e4c382b64bea3a30e23f281299528b82cbb2e54db98823d68439a48
      binary: 9e2ab49e70d1bc5b6279448b31dc349b1bfc1f0ee2111da6cbe0f40490290783
  name: syft
  paths:
    base: https://github.com/anchore/syft/releases/download/v{{ .Version }}/
    checksums:
      artifact: https://github.com/anchore/syft/releases/download/v{{ .Version }}/{{ .Name }}_{{ .Version }}_checksums.txt
    target: '{{ .Name }}_{{ .Version }}_{{ .OS }}_{{ .Arch }}.tar.gz'
  version: 0.43.2
