programs:
  - name: archy
    version: 0.1.1
    url: https://github.com/xargs-dev/archy/releases/download/v{{ .Version }}/{{ .Name }}_{{ .Version }}_{{ .OS }}_{{ .Arch }}.tar.gz
    overlay:
      OS:
        linux: "Linux"
        darwin: "Darwin"
      Arch:
        amd64: "x86_64"
    checksums:
      archy_0.1.1_Linux_x86_64.tar.gz:
        _archive: b999ac46efeb15ea1e304c732ef42a7a313a773c61deea2192d78025794939c2
        archy: b82437b1784a8d71ee436907f4639c414f1c07e15ea20932e8138d3c29780ea2
  - name: ko
    version: 0.10.0
    url: https://github.com/google/ko/releases/download/v{{ .Version }}/{{ .Name }}_{{ .Version }}_{{ .OS }}_{{ .Arch }}.tar.gz
    overlay:
      OS:
        linux: "Linux"
        darwin: "Darwin"
      Arch:
        amd64: "x86_64"
    checksums:
      ko_0.10.0_Linux_x86_64.tar.gz:
        _archive: 4cd190d1bbc39e8f26d5973b33aa8dae92d8b59c9509584fd92a1a371b22c7c3
        ko: ac173c09e5a2276ffdb507b2707c1cb51eaddc6d7c83fceb83bbe18e0ac9bd93
  - name: terraform
    version: 1.1.7
    url: https://releases.hashicorp.com/terraform/{{ .Version }}/terraform_{{ .Version }}_{{ .OS }}_{{ .Arch }}.zip
    checksums:
      terraform_1.1.7_linux_amd64.zip:
        _archive: e4add092a54ff6febd3325d1e0c109c9e590dc6c38f8bb7f9632e4e6bcca99d4
        terraform: ba86f524c64a97df436d541e67480607d0330ea27b23c3208316260189210151
  - name: kind
    version: 0.12.0
    url: https://github.com/kubernetes-sigs/kind/releases/download/v{{ .Version }}/{{ .Name }}-{{ .OS }}-{{ .Arch }}
    checksums:
      kind-linux-amd64:
        _archive: b80624c14c807490c0944d21fdc9c3455d6cc904fad486fe236f2187ecaa5789
        kind: b80624c14c807490c0944d21fdc9c3455d6cc904fad486fe236f2187ecaa5789
  - name: golangci-lint
    version: 1.44.2
    url: https://github.com/golangci/golangci-lint/releases/download/v{{ .Version }}/{{ .Name }}-{{ .Version }}-{{ .OS }}-{{ .Arch }}.tar.gz
    checksums:
      golangci-lint-1.44.2-linux-amd64.tar.gz:
        _archive: 461e238f83e2b3deb48665be15d835fd3eab75a9a0138074ca2ad81315e0c3aa
        golangci-lint: 9695c4119856937d628a510f311294070745ad00851b7869e7fd6918bd374bff

updated: 2021-03-22T07:00:00Z
